
Microsoft Visual Studio Solution File, Format Version 12.00
# Visual Studio Version 16
VisualStudioVersion = 16.0.30128.74
MinimumVisualStudioVersion = 10.0.40219.1
Project("{FAE04EC0-301F-11D3-BF4B-00C04F79EFBC}") = "Palak_Arora_Exercise01", "Palak_Arora_Exercise01\Palak_Arora_Exercise01.csproj", "{AA885542-DAA2-447F-A9D1-0F188D855039}"
EndProject
Project("{FAE04EC0-301F-11D3-BF4B-00C04F79EFBC}") = "Palak_Arora_Exercise02", "Palak_Arora_Exercise02\Palak_Arora_Exercise02.csproj", "{5439414D-AF41-443F-85F9-7CCF20660826}"
EndProject
Global
	GlobalSection(SolutionConfigurationPlatforms) = preSolution
		Debug|Any CPU = Debug|Any CPU
		Release|Any CPU = Release|Any CPU
	EndGlobalSection
	GlobalSection(ProjectConfigurationPlatforms) = postSolution
		{AA885542-DAA2-447F-A9D1-0F188D855039}.Debug|Any CPU.ActiveCfg = Debug|Any CPU
		{AA885542-DAA2-447F-A9D1-0F188D855039}.Debug|Any CPU.Build.0 = Debug|Any CPU
		{AA885542-DAA2-447F-A9D1-0F188D855039}.Release|Any CPU.ActiveCfg = Release|Any CPU
		{AA885542-DAA2-447F-A9D1-0F188D855039}.Release|Any CPU.Build.0 = Release|Any CPU
		{5439414D-AF41-443F-85F9-7CCF20660826}.Debug|Any CPU.ActiveCfg = Debug|Any CPU
		{5439414D-AF41-443F-85F9-7CCF20660826}.Debug|Any CPU.Build.0 = Debug|Any CPU
		{5439414D-AF41-443F-85F9-7CCF20660826}.Release|Any CPU.ActiveCfg = Release|Any CPU
		{5439414D-AF41-443F-85F9-7CCF20660826}.Release|Any CPU.Build.0 = Release|Any CPU
	EndGlobalSection
	GlobalSection(SolutionProperties) = preSolution
		HideSolutionNode = FALSE
	EndGlobalSection
	GlobalSection(ExtensibilityGlobals) = postSolution
		SolutionGuid = {599C2CE0-0867-4284-97C2-C063FA048605}
	EndGlobalSection
EndGlobal
